
Microsoft Visual Studio Solution File, Format Version 12.00
# Visual Studio Version 16
VisualStudioVersion = 16.0.28803.202
MinimumVisualStudioVersion = 10.0.40219.1
Project("{2150E333-8FDC-42A3-9474-1A3956D46DE8}") = "src", "src", "{AFAA0841-BD93-466F-B8F4-FB4EEC86F1FC}"
EndProject
Project("{2150E333-8FDC-42A3-9474-1A3956D46DE8}") = "test", "test", "{F10AA149-2626-486E-85BB-9CD5365F3016}"
EndProject
Project("{9A19103F-16F7-4668-BE54-9A1E7A4F7556}") = "Trojan.Core", "src\Trojan.Core\Trojan.Core.csproj", "{0FA75A5B-AB83-4FD0-B545-279774C01E87}"
EndProject
Project("{9A19103F-16F7-4668-BE54-9A1E7A4F7556}") = "Trojan.Application", "src\Trojan.Application\Trojan.Application.csproj", "{3870C648-4AEA-4B85-BA3F-F2F63B96136A}"
EndProject
Project("{9A19103F-16F7-4668-BE54-9A1E7A4F7556}") = "Trojan.Tests", "test\Trojan.Tests\Trojan.Tests.csproj", "{0D4C5D00-C144-4213-A007-4B8944113AB1}"
EndProject
Project("{9A19103F-16F7-4668-BE54-9A1E7A4F7556}") = "Trojan.Migrator", "src\Trojan.Migrator\Trojan.Migrator.csproj", "{880B3591-E057-46FE-B525-10BD83828B93}"
EndProject
Project("{9A19103F-16F7-4668-BE54-9A1E7A4F7556}") = "Trojan.Web.Host", "src\Trojan.Web.Host\Trojan.Web.Host.csproj", "{38E184BD-E874-4633-A947-AED4FDB73F40}"
EndProject
Project("{9A19103F-16F7-4668-BE54-9A1E7A4F7556}") = "Trojan.Web.Core", "src\Trojan.Web.Core\Trojan.Web.Core.csproj", "{22CFE0D2-8DCA-42D7-AD7D-784C3862493F}"
EndProject
Project("{9A19103F-16F7-4668-BE54-9A1E7A4F7556}") = "Trojan.EntityFrameworkCore", "src\Trojan.EntityFrameworkCore\Trojan.EntityFrameworkCore.csproj", "{E0580562-F8F2-4EBB-B07A-ABFC6F2C314F}"
EndProject
Global
	GlobalSection(SolutionConfigurationPlatforms) = preSolution
		Debug|Any CPU = Debug|Any CPU
		Debug|x64 = Debug|x64
		Debug|x86 = Debug|x86
		Release|Any CPU = Release|Any CPU
		Release|x64 = Release|x64
		Release|x86 = Release|x86
	EndGlobalSection
	GlobalSection(ProjectConfigurationPlatforms) = postSolution
		{0FA75A5B-AB83-4FD0-B545-279774C01E87}.Debug|Any CPU.ActiveCfg = Debug|Any CPU
		{0FA75A5B-AB83-4FD0-B545-279774C01E87}.Debug|Any CPU.Build.0 = Debug|Any CPU
		{0FA75A5B-AB83-4FD0-B545-279774C01E87}.Debug|x64.ActiveCfg = Debug|x64
		{0FA75A5B-AB83-4FD0-B545-279774C01E87}.Debug|x64.Build.0 = Debug|x64
		{0FA75A5B-AB83-4FD0-B545-279774C01E87}.Debug|x86.ActiveCfg = Debug|x86
		{0FA75A5B-AB83-4FD0-B545-279774C01E87}.Debug|x86.Build.0 = Debug|x86
		{0FA75A5B-AB83-4FD0-B545-279774C01E87}.Release|Any CPU.ActiveCfg = Release|Any CPU
		{0FA75A5B-AB83-4FD0-B545-279774C01E87}.Release|Any CPU.Build.0 = Release|Any CPU
		{0FA75A5B-AB83-4FD0-B545-279774C01E87}.Release|x64.ActiveCfg = Release|x64
		{0FA75A5B-AB83-4FD0-B545-279774C01E87}.Release|x64.Build.0 = Release|x64
		{0FA75A5B-AB83-4FD0-B545-279774C01E87}.Release|x86.ActiveCfg = Release|x86
		{0FA75A5B-AB83-4FD0-B545-279774C01E87}.Release|x86.Build.0 = Release|x86
		{3870C648-4AEA-4B85-BA3F-F2F63B96136A}.Debug|Any CPU.ActiveCfg = Debug|Any CPU
		{3870C648-4AEA-4B85-BA3F-F2F63B96136A}.Debug|Any CPU.Build.0 = Debug|Any CPU
		{3870C648-4AEA-4B85-BA3F-F2F63B96136A}.Debug|x64.ActiveCfg = Debug|x64
		{3870C648-4AEA-4B85-BA3F-F2F63B96136A}.Debug|x64.Build.0 = Debug|x64
		{3870C648-4AEA-4B85-BA3F-F2F63B96136A}.Debug|x86.ActiveCfg = Debug|x86
		{3870C648-4AEA-4B85-BA3F-F2F63B96136A}.Debug|x86.Build.0 = Debug|x86
		{3870C648-4AEA-4B85-BA3F-F2F63B96136A}.Release|Any CPU.ActiveCfg = Release|Any CPU
		{3870C648-4AEA-4B85-BA3F-F2F63B96136A}.Release|Any CPU.Build.0 = Release|Any CPU
		{3870C648-4AEA-4B85-BA3F-F2F63B96136A}.Release|x64.ActiveCfg = Release|x64
		{3870C648-4AEA-4B85-BA3F-F2F63B96136A}.Release|x64.Build.0 = Release|x64
		{3870C648-4AEA-4B85-BA3F-F2F63B96136A}.Release|x86.ActiveCfg = Release|x86
		{3870C648-4AEA-4B85-BA3F-F2F63B96136A}.Release|x86.Build.0 = Release|x86
		{0D4C5D00-C144-4213-A007-4B8944113AB1}.Debug|Any CPU.ActiveCfg = Debug|Any CPU
		{0D4C5D00-C144-4213-A007-4B8944113AB1}.Debug|Any CPU.Build.0 = Debug|Any CPU
		{0D4C5D00-C144-4213-A007-4B8944113AB1}.Debug|x64.ActiveCfg = Debug|x64
		{0D4C5D00-C144-4213-A007-4B8944113AB1}.Debug|x64.Build.0 = Debug|x64
		{0D4C5D00-C144-4213-A007-4B8944113AB1}.Debug|x86.ActiveCfg = Debug|x86
		{0D4C5D00-C144-4213-A007-4B8944113AB1}.Debug|x86.Build.0 = Debug|x86
		{0D4C5D00-C144-4213-A007-4B8944113AB1}.Release|Any CPU.ActiveCfg = Release|Any CPU
		{0D4C5D00-C144-4213-A007-4B8944113AB1}.Release|Any CPU.Build.0 = Release|Any CPU
		{0D4C5D00-C144-4213-A007-4B8944113AB1}.Release|x64.ActiveCfg = Release|x64
		{0D4C5D00-C144-4213-A007-4B8944113AB1}.Release|x64.Build.0 = Release|x64
		{0D4C5D00-C144-4213-A007-4B8944113AB1}.Release|x86.ActiveCfg = Release|x86
		{0D4C5D00-C144-4213-A007-4B8944113AB1}.Release|x86.Build.0 = Release|x86
		{880B3591-E057-46FE-B525-10BD83828B93}.Debug|Any CPU.ActiveCfg = Debug|Any CPU
		{880B3591-E057-46FE-B525-10BD83828B93}.Debug|Any CPU.Build.0 = Debug|Any CPU
		{880B3591-E057-46FE-B525-10BD83828B93}.Debug|x64.ActiveCfg = Debug|x64
		{880B3591-E057-46FE-B525-10BD83828B93}.Debug|x64.Build.0 = Debug|x64
		{880B3591-E057-46FE-B525-10BD83828B93}.Debug|x86.ActiveCfg = Debug|x86
		{880B3591-E057-46FE-B525-10BD83828B93}.Debug|x86.Build.0 = Debug|x86
		{880B3591-E057-46FE-B525-10BD83828B93}.Release|Any CPU.ActiveCfg = Release|Any CPU
		{880B3591-E057-46FE-B525-10BD83828B93}.Release|Any CPU.Build.0 = Release|Any CPU
		{880B3591-E057-46FE-B525-10BD83828B93}.Release|x64.ActiveCfg = Release|x64
		{880B3591-E057-46FE-B525-10BD83828B93}.Release|x64.Build.0 = Release|x64
		{880B3591-E057-46FE-B525-10BD83828B93}.Release|x86.ActiveCfg = Release|x86
		{880B3591-E057-46FE-B525-10BD83828B93}.Release|x86.Build.0 = Release|x86
		{38E184BD-E874-4633-A947-AED4FDB73F40}.Debug|Any CPU.ActiveCfg = Debug|Any CPU
		{38E184BD-E874-4633-A947-AED4FDB73F40}.Debug|Any CPU.Build.0 = Debug|Any CPU
		{38E184BD-E874-4633-A947-AED4FDB73F40}.Debug|x64.ActiveCfg = Debug|x64
		{38E184BD-E874-4633-A947-AED4FDB73F40}.Debug|x64.Build.0 = Debug|x64
		{38E184BD-E874-4633-A947-AED4FDB73F40}.Debug|x86.ActiveCfg = Debug|x86
		{38E184BD-E874-4633-A947-AED4FDB73F40}.Debug|x86.Build.0 = Debug|x86
		{38E184BD-E874-4633-A947-AED4FDB73F40}.Release|Any CPU.ActiveCfg = Release|Any CPU
		{38E184BD-E874-4633-A947-AED4FDB73F40}.Release|Any CPU.Build.0 = Release|Any CPU
		{38E184BD-E874-4633-A947-AED4FDB73F40}.Release|x64.ActiveCfg = Release|x64
		{38E184BD-E874-4633-A947-AED4FDB73F40}.Release|x64.Build.0 = Release|x64
		{38E184BD-E874-4633-A947-AED4FDB73F40}.Release|x86.ActiveCfg = Release|x86
		{38E184BD-E874-4633-A947-AED4FDB73F40}.Release|x86.Build.0 = Release|x86
		{22CFE0D2-8DCA-42D7-AD7D-784C3862493F}.Debug|Any CPU.ActiveCfg = Debug|Any CPU
		{22CFE0D2-8DCA-42D7-AD7D-784C3862493F}.Debug|Any CPU.Build.0 = Debug|Any CPU
		{22CFE0D2-8DCA-42D7-AD7D-784C3862493F}.Debug|x64.ActiveCfg = Debug|x64
		{22CFE0D2-8DCA-42D7-AD7D-784C3862493F}.Debug|x64.Build.0 = Debug|x64
		{22CFE0D2-8DCA-42D7-AD7D-784C3862493F}.Debug|x86.ActiveCfg = Debug|x86
		{22CFE0D2-8DCA-42D7-AD7D-784C3862493F}.Debug|x86.Build.0 = Debug|x86
		{22CFE0D2-8DCA-42D7-AD7D-784C3862493F}.Release|Any CPU.ActiveCfg = Release|Any CPU
		{22CFE0D2-8DCA-42D7-AD7D-784C3862493F}.Release|Any CPU.Build.0 = Release|Any CPU
		{22CFE0D2-8DCA-42D7-AD7D-784C3862493F}.Release|x64.ActiveCfg = Release|x64
		{22CFE0D2-8DCA-42D7-AD7D-784C3862493F}.Release|x64.Build.0 = Release|x64
		{22CFE0D2-8DCA-42D7-AD7D-784C3862493F}.Release|x86.ActiveCfg = Release|x86
		{22CFE0D2-8DCA-42D7-AD7D-784C3862493F}.Release|x86.Build.0 = Release|x86
		{E0580562-F8F2-4EBB-B07A-ABFC6F2C314F}.Debug|Any CPU.ActiveCfg = Debug|Any CPU
		{E0580562-F8F2-4EBB-B07A-ABFC6F2C314F}.Debug|Any CPU.Build.0 = Debug|Any CPU
		{E0580562-F8F2-4EBB-B07A-ABFC6F2C314F}.Debug|x64.ActiveCfg = Debug|x64
		{E0580562-F8F2-4EBB-B07A-ABFC6F2C314F}.Debug|x64.Build.0 = Debug|x64
		{E0580562-F8F2-4EBB-B07A-ABFC6F2C314F}.Debug|x86.ActiveCfg = Debug|x86
		{E0580562-F8F2-4EBB-B07A-ABFC6F2C314F}.Debug|x86.Build.0 = Debug|x86
		{E0580562-F8F2-4EBB-B07A-ABFC6F2C314F}.Release|Any CPU.ActiveCfg = Release|Any CPU
		{E0580562-F8F2-4EBB-B07A-ABFC6F2C314F}.Release|Any CPU.Build.0 = Release|Any CPU
		{E0580562-F8F2-4EBB-B07A-ABFC6F2C314F}.Release|x64.ActiveCfg = Release|x64
		{E0580562-F8F2-4EBB-B07A-ABFC6F2C314F}.Release|x64.Build.0 = Release|x64
		{E0580562-F8F2-4EBB-B07A-ABFC6F2C314F}.Release|x86.ActiveCfg = Release|x86
		{E0580562-F8F2-4EBB-B07A-ABFC6F2C314F}.Release|x86.Build.0 = Release|x86
	EndGlobalSection
	GlobalSection(SolutionProperties) = preSolution
		HideSolutionNode = FALSE
	EndGlobalSection
	GlobalSection(NestedProjects) = preSolution
		{0FA75A5B-AB83-4FD0-B545-279774C01E87} = {AFAA0841-BD93-466F-B8F4-FB4EEC86F1FC}
		{3870C648-4AEA-4B85-BA3F-F2F63B96136A} = {AFAA0841-BD93-466F-B8F4-FB4EEC86F1FC}
		{0D4C5D00-C144-4213-A007-4B8944113AB1} = {F10AA149-2626-486E-85BB-9CD5365F3016}
		{880B3591-E057-46FE-B525-10BD83828B93} = {AFAA0841-BD93-466F-B8F4-FB4EEC86F1FC}
		{38E184BD-E874-4633-A947-AED4FDB73F40} = {AFAA0841-BD93-466F-B8F4-FB4EEC86F1FC}
		{22CFE0D2-8DCA-42D7-AD7D-784C3862493F} = {AFAA0841-BD93-466F-B8F4-FB4EEC86F1FC}
		{E0580562-F8F2-4EBB-B07A-ABFC6F2C314F} = {AFAA0841-BD93-466F-B8F4-FB4EEC86F1FC}
	EndGlobalSection
	GlobalSection(ExtensibilityGlobals) = postSolution
		SolutionGuid = {88DAE03B-CEC6-46AD-B5E7-50F434D59277}
	EndGlobalSection
EndGlobal
